
Microsoft Visual Studio Solution File, Format Version 12.00
Project("{FAE04EC0-301F-11D3-BF4B-00C04F79EFBC}") = "RMA70-LauncherLib", "RMA70-LauncherLib.csproj", "{057250D1-10B5-4E40-AE01-75C78B862924}"
EndProject
Project("{FAE04EC0-301F-11D3-BF4B-00C04F79EFBC}") = "RMA70-LauncherExample", "RMA70-LauncherExample\RMA70-LauncherExample.csproj", "{51690C6A-749A-452A-9D64-53FB3D01E836}"
EndProject
Global
	GlobalSection(SolutionConfigurationPlatforms) = preSolution
		Debug|Any CPU = Debug|Any CPU
		Release|Any CPU = Release|Any CPU
	EndGlobalSection
	GlobalSection(ProjectConfigurationPlatforms) = postSolution
		{057250D1-10B5-4E40-AE01-75C78B862924}.Debug|Any CPU.ActiveCfg = Debug|Any CPU
		{057250D1-10B5-4E40-AE01-75C78B862924}.Debug|Any CPU.Build.0 = Debug|Any CPU
		{057250D1-10B5-4E40-AE01-75C78B862924}.Release|Any CPU.ActiveCfg = Release|Any CPU
		{057250D1-10B5-4E40-AE01-75C78B862924}.Release|Any CPU.Build.0 = Release|Any CPU
		{51690C6A-749A-452A-9D64-53FB3D01E836}.Debug|Any CPU.ActiveCfg = Debug|Any CPU
		{51690C6A-749A-452A-9D64-53FB3D01E836}.Debug|Any CPU.Build.0 = Debug|Any CPU
		{51690C6A-749A-452A-9D64-53FB3D01E836}.Release|Any CPU.ActiveCfg = Release|Any CPU
		{51690C6A-749A-452A-9D64-53FB3D01E836}.Release|Any CPU.Build.0 = Release|Any CPU
	EndGlobalSection
EndGlobal
